
Microsoft Visual Studio Solution File, Format Version 12.00
# Visual Studio Version 16
VisualStudioVersion = 16.0.30804.86
MinimumVisualStudioVersion = 10.0.40219.1
Project("{FAE04EC0-301F-11D3-BF4B-00C04F79EFBC}") = "EX33_hint", "EX33_hint\EX33_hint.csproj", "{F6C897B9-22F0-41E9-A82A-0DD406BB69AD}"
EndProject
Global
	GlobalSection(SolutionConfigurationPlatforms) = preSolution
		Debug|Any CPU = Debug|Any CPU
		Release|Any CPU = Release|Any CPU
	EndGlobalSection
	GlobalSection(ProjectConfigurationPlatforms) = postSolution
		{F6C897B9-22F0-41E9-A82A-0DD406BB69AD}.Debug|Any CPU.ActiveCfg = Debug|Any CPU
		{F6C897B9-22F0-41E9-A82A-0DD406BB69AD}.Debug|Any CPU.Build.0 = Debug|Any CPU
		{F6C897B9-22F0-41E9-A82A-0DD406BB69AD}.Release|Any CPU.ActiveCfg = Release|Any CPU
		{F6C897B9-22F0-41E9-A82A-0DD406BB69AD}.Release|Any CPU.Build.0 = Release|Any CPU
	EndGlobalSection
	GlobalSection(SolutionProperties) = preSolution
		HideSolutionNode = FALSE
	EndGlobalSection
	GlobalSection(ExtensibilityGlobals) = postSolution
		SolutionGuid = {6CFA8F46-C370-464F-A287-EF0952691EC4}
	EndGlobalSection
EndGlobal
